
Microsoft Visual Studio Solution File, Format Version 12.00
# Visual Studio 15
VisualStudioVersion = 15.0.28010.2016
MinimumVisualStudioVersion = 10.0.40219.1
Project("{9A19103F-16F7-4668-BE54-9A1E7A4F7556}") = "WinterProject", "WinterProject.csproj", "{D111CEB6-1AB5-4178-A5CC-7C920543A335}"
EndProject
Global
	GlobalSection(SolutionConfigurationPlatforms) = preSolution
		Debug|Any CPU = Debug|Any CPU
		Release|Any CPU = Release|Any CPU
	EndGlobalSection
	GlobalSection(ProjectConfigurationPlatforms) = postSolution
		{D111CEB6-1AB5-4178-A5CC-7C920543A335}.Debug|Any CPU.ActiveCfg = Debug|Any CPU
		{D111CEB6-1AB5-4178-A5CC-7C920543A335}.Debug|Any CPU.Build.0 = Debug|Any CPU
		{D111CEB6-1AB5-4178-A5CC-7C920543A335}.Release|Any CPU.ActiveCfg = Release|Any CPU
		{D111CEB6-1AB5-4178-A5CC-7C920543A335}.Release|Any CPU.Build.0 = Release|Any CPU
	EndGlobalSection
	GlobalSection(SolutionProperties) = preSolution
		HideSolutionNode = FALSE
	EndGlobalSection
	GlobalSection(ExtensibilityGlobals) = postSolution
		SolutionGuid = {62A8F05E-E906-4C1F-85C9-2D0A1EEE95B0}
	EndGlobalSection
EndGlobal
